
Microsoft Visual Studio Solution File, Format Version 12.00
# Visual Studio Version 17
VisualStudioVersion = 17.1.32228.430
MinimumVisualStudioVersion = 10.0.40219.1
Project("{FAE04EC0-301F-11D3-BF4B-00C04F79EFBC}") = "modul8_1302204078", "modul8_1302204078\modul8_1302204078.csproj", "{BEF3DFEF-BC8D-4F85-87AE-7C6A66042346}"
EndProject
Global
	GlobalSection(SolutionConfigurationPlatforms) = preSolution
		Debug|Any CPU = Debug|Any CPU
		Release|Any CPU = Release|Any CPU
	EndGlobalSection
	GlobalSection(ProjectConfigurationPlatforms) = postSolution
		{BEF3DFEF-BC8D-4F85-87AE-7C6A66042346}.Debug|Any CPU.ActiveCfg = Debug|Any CPU
		{BEF3DFEF-BC8D-4F85-87AE-7C6A66042346}.Debug|Any CPU.Build.0 = Debug|Any CPU
		{BEF3DFEF-BC8D-4F85-87AE-7C6A66042346}.Release|Any CPU.ActiveCfg = Release|Any CPU
		{BEF3DFEF-BC8D-4F85-87AE-7C6A66042346}.Release|Any CPU.Build.0 = Release|Any CPU
	EndGlobalSection
	GlobalSection(SolutionProperties) = preSolution
		HideSolutionNode = FALSE
	EndGlobalSection
	GlobalSection(ExtensibilityGlobals) = postSolution
		SolutionGuid = {AB6F6D3E-D33C-4676-8533-5B3E40E3DC1B}
	EndGlobalSection
EndGlobal
